
Microsoft Visual Studio Solution File, Format Version 12.00
# Visual Studio 2013
VisualStudioVersion = 12.0.31101.0
MinimumVisualStudioVersion = 10.0.40219.1
Project("{FAE04EC0-301F-11D3-BF4B-00C04F79EFBC}") = "Interlinear", "Interlinear\Interlinear.csproj", "{EF084053-BFC4-4F11-A615-D9CD36472729}"
EndProject
Project("{FAE04EC0-301F-11D3-BF4B-00C04F79EFBC}") = "CharacterCounter", "CharacterCounter\CharacterCounter.csproj", "{7E9BAD41-7F37-4810-B845-8287EF5B980E}"
EndProject
Project("{2150E333-8FDC-42A3-9474-1A3956D46DE8}") = "Solution Items", "Solution Items", "{440660E1-6695-4272-AFCA-39A96A073D66}"
	ProjectSection(SolutionItems) = preProject
		Performance1.psess = Performance1.psess
		Performance2.psess = Performance2.psess
	EndProjectSection
EndProject
Project("{FAE04EC0-301F-11D3-BF4B-00C04F79EFBC}") = "XMLUtilities", "XMLUtilities\XMLUtilities.csproj", "{845169DB-4538-42D4-832A-43F6D9C15F58}"
EndProject
Global
	GlobalSection(SolutionConfigurationPlatforms) = preSolution
		Debug|Any CPU = Debug|Any CPU
		Debug|Mixed Platforms = Debug|Mixed Platforms
		Debug|x86 = Debug|x86
		Release|Any CPU = Release|Any CPU
		Release|Mixed Platforms = Release|Mixed Platforms
		Release|x86 = Release|x86
	EndGlobalSection
	GlobalSection(ProjectConfigurationPlatforms) = postSolution
		{EF084053-BFC4-4F11-A615-D9CD36472729}.Debug|Any CPU.ActiveCfg = Debug|x86
		{EF084053-BFC4-4F11-A615-D9CD36472729}.Debug|Any CPU.Build.0 = Debug|x86
		{EF084053-BFC4-4F11-A615-D9CD36472729}.Debug|Any CPU.Deploy.0 = Debug|x86
		{EF084053-BFC4-4F11-A615-D9CD36472729}.Debug|Mixed Platforms.ActiveCfg = Debug|x86
		{EF084053-BFC4-4F11-A615-D9CD36472729}.Debug|Mixed Platforms.Build.0 = Debug|x86
		{EF084053-BFC4-4F11-A615-D9CD36472729}.Debug|Mixed Platforms.Deploy.0 = Debug|x86
		{EF084053-BFC4-4F11-A615-D9CD36472729}.Debug|x86.ActiveCfg = Debug|x86
		{EF084053-BFC4-4F11-A615-D9CD36472729}.Debug|x86.Build.0 = Debug|x86
		{EF084053-BFC4-4F11-A615-D9CD36472729}.Release|Any CPU.ActiveCfg = Release|x86
		{EF084053-BFC4-4F11-A615-D9CD36472729}.Release|Any CPU.Build.0 = Release|x86
		{EF084053-BFC4-4F11-A615-D9CD36472729}.Release|Mixed Platforms.ActiveCfg = Release|x86
		{EF084053-BFC4-4F11-A615-D9CD36472729}.Release|Mixed Platforms.Build.0 = Release|x86
		{EF084053-BFC4-4F11-A615-D9CD36472729}.Release|x86.ActiveCfg = Release|x86
		{EF084053-BFC4-4F11-A615-D9CD36472729}.Release|x86.Build.0 = Release|x86
		{7E9BAD41-7F37-4810-B845-8287EF5B980E}.Debug|Any CPU.ActiveCfg = Debug|Any CPU
		{7E9BAD41-7F37-4810-B845-8287EF5B980E}.Debug|Any CPU.Build.0 = Debug|Any CPU
		{7E9BAD41-7F37-4810-B845-8287EF5B980E}.Debug|Mixed Platforms.ActiveCfg = Debug|Any CPU
		{7E9BAD41-7F37-4810-B845-8287EF5B980E}.Debug|Mixed Platforms.Build.0 = Debug|Any CPU
		{7E9BAD41-7F37-4810-B845-8287EF5B980E}.Debug|x86.ActiveCfg = Debug|Any CPU
		{7E9BAD41-7F37-4810-B845-8287EF5B980E}.Release|Any CPU.ActiveCfg = Release|Any CPU
		{7E9BAD41-7F37-4810-B845-8287EF5B980E}.Release|Any CPU.Build.0 = Release|Any CPU
		{7E9BAD41-7F37-4810-B845-8287EF5B980E}.Release|Any CPU.Deploy.0 = Release|Any CPU
		{7E9BAD41-7F37-4810-B845-8287EF5B980E}.Release|Mixed Platforms.ActiveCfg = Release|Any CPU
		{7E9BAD41-7F37-4810-B845-8287EF5B980E}.Release|Mixed Platforms.Build.0 = Release|Any CPU
		{7E9BAD41-7F37-4810-B845-8287EF5B980E}.Release|x86.ActiveCfg = Release|Any CPU
		{845169DB-4538-42D4-832A-43F6D9C15F58}.Debug|Any CPU.ActiveCfg = Debug|Any CPU
		{845169DB-4538-42D4-832A-43F6D9C15F58}.Debug|Any CPU.Build.0 = Debug|Any CPU
		{845169DB-4538-42D4-832A-43F6D9C15F58}.Debug|Mixed Platforms.ActiveCfg = Debug|Any CPU
		{845169DB-4538-42D4-832A-43F6D9C15F58}.Debug|Mixed Platforms.Build.0 = Debug|Any CPU
		{845169DB-4538-42D4-832A-43F6D9C15F58}.Debug|x86.ActiveCfg = Debug|Any CPU
		{845169DB-4538-42D4-832A-43F6D9C15F58}.Release|Any CPU.ActiveCfg = Release|Any CPU
		{845169DB-4538-42D4-832A-43F6D9C15F58}.Release|Any CPU.Build.0 = Release|Any CPU
		{845169DB-4538-42D4-832A-43F6D9C15F58}.Release|Mixed Platforms.ActiveCfg = Release|Any CPU
		{845169DB-4538-42D4-832A-43F6D9C15F58}.Release|Mixed Platforms.Build.0 = Release|Any CPU
		{845169DB-4538-42D4-832A-43F6D9C15F58}.Release|x86.ActiveCfg = Release|Any CPU
	EndGlobalSection
	GlobalSection(SolutionProperties) = preSolution
		HideSolutionNode = FALSE
	EndGlobalSection
	GlobalSection(Performance) = preSolution
		HasPerformanceSessions = true
	EndGlobalSection
EndGlobal
